
Microsoft Visual Studio Solution File, Format Version 12.00
# Visual Studio Version 17
VisualStudioVersion = 17.2.32616.157
MinimumVisualStudioVersion = 10.0.40219.1
Project("{FAE04EC0-301F-11D3-BF4B-00C04F79EFBC}") = "iTrucking", "iTrucking.csproj", "{B04E4A22-F229-4DFD-81EC-03CD1ECD6E7E}"
EndProject
Global
	GlobalSection(SolutionConfigurationPlatforms) = preSolution
		Debug|Any CPU = Debug|Any CPU
		Release|Any CPU = Release|Any CPU
	EndGlobalSection
	GlobalSection(ProjectConfigurationPlatforms) = postSolution
		{B04E4A22-F229-4DFD-81EC-03CD1ECD6E7E}.Debug|Any CPU.ActiveCfg = Debug|Any CPU
		{B04E4A22-F229-4DFD-81EC-03CD1ECD6E7E}.Debug|Any CPU.Build.0 = Debug|Any CPU
		{B04E4A22-F229-4DFD-81EC-03CD1ECD6E7E}.Release|Any CPU.ActiveCfg = Release|Any CPU
		{B04E4A22-F229-4DFD-81EC-03CD1ECD6E7E}.Release|Any CPU.Build.0 = Release|Any CPU
	EndGlobalSection
	GlobalSection(SolutionProperties) = preSolution
		HideSolutionNode = FALSE
	EndGlobalSection
	GlobalSection(ExtensibilityGlobals) = postSolution
		SolutionGuid = {E4AA0770-899C-4077-943C-3D5B04643A5D}
	EndGlobalSection
EndGlobal
